
Microsoft Visual Studio Solution File, Format Version 12.00
# Visual Studio Version 17
VisualStudioVersion = 17.2.32505.173
MinimumVisualStudioVersion = 10.0.40219.1
Project("{2150E333-8FDC-42A3-9474-1A3956D46DE8}") = "src", "src", "{B8E8FB85-C110-400C-A35F-DFF8DF695A99}"
EndProject
Project("{2150E333-8FDC-42A3-9474-1A3956D46DE8}") = "Bootstrapper", "Bootstrapper", "{9960ED34-4256-4A02-B1C5-91E87CCA24BC}"
EndProject
Project("{9A19103F-16F7-4668-BE54-9A1E7A4F7556}") = "FocusForge.Desktop", "src\Bootstrapper\FocusForge.Bootstrapper\FocusForge.Desktop.csproj", "{BA1B3439-E834-4B29-B2E6-3F323D112871}"
EndProject
Project("{2150E333-8FDC-42A3-9474-1A3956D46DE8}") = "Modules", "Modules", "{2F17EE01-4244-4683-9EC6-4C09E1B93DAF}"
EndProject
Project("{2150E333-8FDC-42A3-9474-1A3956D46DE8}") = "Shared", "Shared", "{A8579C92-6063-44FD-AC54-EC3CCCA8A2FF}"
EndProject
Project("{2150E333-8FDC-42A3-9474-1A3956D46DE8}") = "Tests", "Tests", "{46ED950F-8A13-4278-A77C-0A60AF244BF0}"
EndProject
Project("{9A19103F-16F7-4668-BE54-9A1E7A4F7556}") = "FocusForge.TimeTracker", "src\Modules\TimeTracker\FocusForge.TimeTracker\FocusForge.TimeTracker.csproj", "{A0FB2A35-98DA-4E45-BFD9-0948596A4293}"
EndProject
Project("{9A19103F-16F7-4668-BE54-9A1E7A4F7556}") = "FocusForge.DataModels", "src\Shared\FocusForge.DataModels\FocusForge.DataModels.csproj", "{3F76BA57-FA9F-4237-B022-2AE4EFE8B66C}"
EndProject
Project("{9A19103F-16F7-4668-BE54-9A1E7A4F7556}") = "FocusForge.UnitTests", "src\Tests\FocusForge.UnitTests\FocusForge.UnitTests.csproj", "{9DAC3144-8DED-4817-B10B-094E6ED43854}"
EndProject
Project("{9A19103F-16F7-4668-BE54-9A1E7A4F7556}") = "FocusForge.UI", "src\Shared\FocusForge.UI\FocusForge.UI.csproj", "{A427B83B-A1F5-4B67-B7EB-1DCC70E6BD2A}"
EndProject
Project("{9A19103F-16F7-4668-BE54-9A1E7A4F7556}") = "FocusForge.PomodoroTimer", "src\Modules\PomodoroTimer\FocusForge.PomodoroTimer\FocusForge.PomodoroTimer.csproj", "{16BC46DD-49B2-42D6-8C81-E77DE4619AC9}"
EndProject
Project("{2150E333-8FDC-42A3-9474-1A3956D46DE8}") = "PomodoroTimer", "PomodoroTimer", "{FFA737D4-9CEE-474A-8129-0394AD3C6111}"
EndProject
Project("{2150E333-8FDC-42A3-9474-1A3956D46DE8}") = "TimeTracker", "TimeTracker", "{7B0CB0B4-512F-48F5-A90A-BFB64D70D984}"
EndProject
Project("{9A19103F-16F7-4668-BE54-9A1E7A4F7556}") = "FocusForge.PomodoroTimer.UI", "src\Modules\PomodoroTimer\FocusForge.PomodoroTimer.UI\FocusForge.PomodoroTimer.UI.csproj", "{B7D5E41E-6901-4B92-8B6B-82EACA27A61C}"
EndProject
Project("{9A19103F-16F7-4668-BE54-9A1E7A4F7556}") = "FocusForge.TimeTracker.UI", "src\Modules\TimeTracker\FocusForge.TimeTracker.UI\FocusForge.TimeTracker.UI.csproj", "{796AA444-2F1E-41D5-BCCB-9001407881A6}"
EndProject
Project("{9A19103F-16F7-4668-BE54-9A1E7A4F7556}") = "FocusForge.TimeTracker.TimeCamp", "src\Modules\TimeTracker\FocusForge.TimeTracker.TimeCamp\FocusForge.TimeTracker.TimeCamp\FocusForge.TimeTracker.TimeCamp.csproj", "{C21DB346-D460-4B38-9BE8-C5B5249B24A3}"
EndProject
Project("{FAE04EC0-301F-11D3-BF4B-00C04F79EFBC}") = "FocusForge.Abstractions", "src\Shared\FocusForge.Abstractions\FocusForge.Abstractions.csproj", "{65B73AA2-5973-4523-BB49-6748BAC2D748}"
EndProject
Global
	GlobalSection(SolutionConfigurationPlatforms) = preSolution
		Debug|Any CPU = Debug|Any CPU
		Release|Any CPU = Release|Any CPU
	EndGlobalSection
	GlobalSection(ProjectConfigurationPlatforms) = postSolution
		{BA1B3439-E834-4B29-B2E6-3F323D112871}.Debug|Any CPU.ActiveCfg = Debug|Any CPU
		{BA1B3439-E834-4B29-B2E6-3F323D112871}.Debug|Any CPU.Build.0 = Debug|Any CPU
		{BA1B3439-E834-4B29-B2E6-3F323D112871}.Release|Any CPU.ActiveCfg = Release|Any CPU
		{BA1B3439-E834-4B29-B2E6-3F323D112871}.Release|Any CPU.Build.0 = Release|Any CPU
		{A0FB2A35-98DA-4E45-BFD9-0948596A4293}.Debug|Any CPU.ActiveCfg = Debug|Any CPU
		{A0FB2A35-98DA-4E45-BFD9-0948596A4293}.Debug|Any CPU.Build.0 = Debug|Any CPU
		{A0FB2A35-98DA-4E45-BFD9-0948596A4293}.Release|Any CPU.ActiveCfg = Release|Any CPU
		{A0FB2A35-98DA-4E45-BFD9-0948596A4293}.Release|Any CPU.Build.0 = Release|Any CPU
		{3F76BA57-FA9F-4237-B022-2AE4EFE8B66C}.Debug|Any CPU.ActiveCfg = Debug|Any CPU
		{3F76BA57-FA9F-4237-B022-2AE4EFE8B66C}.Debug|Any CPU.Build.0 = Debug|Any CPU
		{3F76BA57-FA9F-4237-B022-2AE4EFE8B66C}.Release|Any CPU.ActiveCfg = Release|Any CPU
		{3F76BA57-FA9F-4237-B022-2AE4EFE8B66C}.Release|Any CPU.Build.0 = Release|Any CPU
		{9DAC3144-8DED-4817-B10B-094E6ED43854}.Debug|Any CPU.ActiveCfg = Debug|Any CPU
		{9DAC3144-8DED-4817-B10B-094E6ED43854}.Debug|Any CPU.Build.0 = Debug|Any CPU
		{9DAC3144-8DED-4817-B10B-094E6ED43854}.Release|Any CPU.ActiveCfg = Release|Any CPU
		{9DAC3144-8DED-4817-B10B-094E6ED43854}.Release|Any CPU.Build.0 = Release|Any CPU
		{A427B83B-A1F5-4B67-B7EB-1DCC70E6BD2A}.Debug|Any CPU.ActiveCfg = Debug|Any CPU
		{A427B83B-A1F5-4B67-B7EB-1DCC70E6BD2A}.Debug|Any CPU.Build.0 = Debug|Any CPU
		{A427B83B-A1F5-4B67-B7EB-1DCC70E6BD2A}.Release|Any CPU.ActiveCfg = Release|Any CPU
		{A427B83B-A1F5-4B67-B7EB-1DCC70E6BD2A}.Release|Any CPU.Build.0 = Release|Any CPU
		{16BC46DD-49B2-42D6-8C81-E77DE4619AC9}.Debug|Any CPU.ActiveCfg = Debug|Any CPU
		{16BC46DD-49B2-42D6-8C81-E77DE4619AC9}.Debug|Any CPU.Build.0 = Debug|Any CPU
		{16BC46DD-49B2-42D6-8C81-E77DE4619AC9}.Release|Any CPU.ActiveCfg = Release|Any CPU
		{16BC46DD-49B2-42D6-8C81-E77DE4619AC9}.Release|Any CPU.Build.0 = Release|Any CPU
		{B7D5E41E-6901-4B92-8B6B-82EACA27A61C}.Debug|Any CPU.ActiveCfg = Debug|Any CPU
		{B7D5E41E-6901-4B92-8B6B-82EACA27A61C}.Debug|Any CPU.Build.0 = Debug|Any CPU
		{B7D5E41E-6901-4B92-8B6B-82EACA27A61C}.Release|Any CPU.ActiveCfg = Release|Any CPU
		{B7D5E41E-6901-4B92-8B6B-82EACA27A61C}.Release|Any CPU.Build.0 = Release|Any CPU
		{796AA444-2F1E-41D5-BCCB-9001407881A6}.Debug|Any CPU.ActiveCfg = Debug|Any CPU
		{796AA444-2F1E-41D5-BCCB-9001407881A6}.Debug|Any CPU.Build.0 = Debug|Any CPU
		{796AA444-2F1E-41D5-BCCB-9001407881A6}.Release|Any CPU.ActiveCfg = Release|Any CPU
		{796AA444-2F1E-41D5-BCCB-9001407881A6}.Release|Any CPU.Build.0 = Release|Any CPU
		{C21DB346-D460-4B38-9BE8-C5B5249B24A3}.Debug|Any CPU.ActiveCfg = Debug|Any CPU
		{C21DB346-D460-4B38-9BE8-C5B5249B24A3}.Debug|Any CPU.Build.0 = Debug|Any CPU
		{C21DB346-D460-4B38-9BE8-C5B5249B24A3}.Release|Any CPU.ActiveCfg = Release|Any CPU
		{C21DB346-D460-4B38-9BE8-C5B5249B24A3}.Release|Any CPU.Build.0 = Release|Any CPU
		{65B73AA2-5973-4523-BB49-6748BAC2D748}.Debug|Any CPU.ActiveCfg = Debug|Any CPU
		{65B73AA2-5973-4523-BB49-6748BAC2D748}.Debug|Any CPU.Build.0 = Debug|Any CPU
		{65B73AA2-5973-4523-BB49-6748BAC2D748}.Release|Any CPU.ActiveCfg = Release|Any CPU
		{65B73AA2-5973-4523-BB49-6748BAC2D748}.Release|Any CPU.Build.0 = Release|Any CPU
	EndGlobalSection
	GlobalSection(SolutionProperties) = preSolution
		HideSolutionNode = FALSE
	EndGlobalSection
	GlobalSection(NestedProjects) = preSolution
		{9960ED34-4256-4A02-B1C5-91E87CCA24BC} = {B8E8FB85-C110-400C-A35F-DFF8DF695A99}
		{BA1B3439-E834-4B29-B2E6-3F323D112871} = {9960ED34-4256-4A02-B1C5-91E87CCA24BC}
		{2F17EE01-4244-4683-9EC6-4C09E1B93DAF} = {B8E8FB85-C110-400C-A35F-DFF8DF695A99}
		{A8579C92-6063-44FD-AC54-EC3CCCA8A2FF} = {B8E8FB85-C110-400C-A35F-DFF8DF695A99}
		{46ED950F-8A13-4278-A77C-0A60AF244BF0} = {B8E8FB85-C110-400C-A35F-DFF8DF695A99}
		{A0FB2A35-98DA-4E45-BFD9-0948596A4293} = {7B0CB0B4-512F-48F5-A90A-BFB64D70D984}
		{3F76BA57-FA9F-4237-B022-2AE4EFE8B66C} = {A8579C92-6063-44FD-AC54-EC3CCCA8A2FF}
		{9DAC3144-8DED-4817-B10B-094E6ED43854} = {46ED950F-8A13-4278-A77C-0A60AF244BF0}
		{A427B83B-A1F5-4B67-B7EB-1DCC70E6BD2A} = {A8579C92-6063-44FD-AC54-EC3CCCA8A2FF}
		{16BC46DD-49B2-42D6-8C81-E77DE4619AC9} = {FFA737D4-9CEE-474A-8129-0394AD3C6111}
		{FFA737D4-9CEE-474A-8129-0394AD3C6111} = {2F17EE01-4244-4683-9EC6-4C09E1B93DAF}
		{7B0CB0B4-512F-48F5-A90A-BFB64D70D984} = {2F17EE01-4244-4683-9EC6-4C09E1B93DAF}
		{B7D5E41E-6901-4B92-8B6B-82EACA27A61C} = {FFA737D4-9CEE-474A-8129-0394AD3C6111}
		{796AA444-2F1E-41D5-BCCB-9001407881A6} = {7B0CB0B4-512F-48F5-A90A-BFB64D70D984}
		{C21DB346-D460-4B38-9BE8-C5B5249B24A3} = {7B0CB0B4-512F-48F5-A90A-BFB64D70D984}
		{65B73AA2-5973-4523-BB49-6748BAC2D748} = {A8579C92-6063-44FD-AC54-EC3CCCA8A2FF}
	EndGlobalSection
	GlobalSection(ExtensibilityGlobals) = postSolution
		SolutionGuid = {93FA2FE8-A639-4C6E-B20C-A66E4302F0D3}
	EndGlobalSection
EndGlobal
