
Microsoft Visual Studio Solution File, Format Version 12.00
# Visual Studio Version 17
VisualStudioVersion = 17.2.32505.173
MinimumVisualStudioVersion = 10.0.40219.1
Project("{9A19103F-16F7-4668-BE54-9A1E7A4F7556}") = "Wachman", "Wachman\Wachman.csproj", "{88C09717-68D4-4299-A516-B2F2859E3A18}"
EndProject
Project("{9A19103F-16F7-4668-BE54-9A1E7A4F7556}") = "Controls", "Controls\Controls.csproj", "{4FCC60E2-D72B-411B-AF8A-8BB6B878BA8E}"
EndProject
Project("{9A19103F-16F7-4668-BE54-9A1E7A4F7556}") = "DataModels", "DataModels\DataModels.csproj", "{694FB643-CDE1-4A28-A78D-CBB0EE4C9FC4}"
EndProject
Project("{9A19103F-16F7-4668-BE54-9A1E7A4F7556}") = "TimeTrackingService", "TimeTrackingService\TimeTrackingService.csproj", "{CE6A1B4E-E2F3-4415-B362-C232983D3D62}"
EndProject
Project("{FAE04EC0-301F-11D3-BF4B-00C04F79EFBC}") = "Wachman.Tests", "Wachman.Tests\Wachman.Tests.csproj", "{BFF71DFB-6509-428C-A765-BABCDA2DDBA0}"
EndProject
Global
	GlobalSection(SolutionConfigurationPlatforms) = preSolution
		Debug|Any CPU = Debug|Any CPU
		Release|Any CPU = Release|Any CPU
	EndGlobalSection
	GlobalSection(ProjectConfigurationPlatforms) = postSolution
		{88C09717-68D4-4299-A516-B2F2859E3A18}.Debug|Any CPU.ActiveCfg = Debug|Any CPU
		{88C09717-68D4-4299-A516-B2F2859E3A18}.Debug|Any CPU.Build.0 = Debug|Any CPU
		{88C09717-68D4-4299-A516-B2F2859E3A18}.Release|Any CPU.ActiveCfg = Release|Any CPU
		{88C09717-68D4-4299-A516-B2F2859E3A18}.Release|Any CPU.Build.0 = Release|Any CPU
		{4FCC60E2-D72B-411B-AF8A-8BB6B878BA8E}.Debug|Any CPU.ActiveCfg = Debug|Any CPU
		{4FCC60E2-D72B-411B-AF8A-8BB6B878BA8E}.Debug|Any CPU.Build.0 = Debug|Any CPU
		{4FCC60E2-D72B-411B-AF8A-8BB6B878BA8E}.Release|Any CPU.ActiveCfg = Release|Any CPU
		{4FCC60E2-D72B-411B-AF8A-8BB6B878BA8E}.Release|Any CPU.Build.0 = Release|Any CPU
		{694FB643-CDE1-4A28-A78D-CBB0EE4C9FC4}.Debug|Any CPU.ActiveCfg = Debug|Any CPU
		{694FB643-CDE1-4A28-A78D-CBB0EE4C9FC4}.Debug|Any CPU.Build.0 = Debug|Any CPU
		{694FB643-CDE1-4A28-A78D-CBB0EE4C9FC4}.Release|Any CPU.ActiveCfg = Release|Any CPU
		{694FB643-CDE1-4A28-A78D-CBB0EE4C9FC4}.Release|Any CPU.Build.0 = Release|Any CPU
		{CE6A1B4E-E2F3-4415-B362-C232983D3D62}.Debug|Any CPU.ActiveCfg = Debug|Any CPU
		{CE6A1B4E-E2F3-4415-B362-C232983D3D62}.Debug|Any CPU.Build.0 = Debug|Any CPU
		{CE6A1B4E-E2F3-4415-B362-C232983D3D62}.Release|Any CPU.ActiveCfg = Release|Any CPU
		{CE6A1B4E-E2F3-4415-B362-C232983D3D62}.Release|Any CPU.Build.0 = Release|Any CPU
		{BFF71DFB-6509-428C-A765-BABCDA2DDBA0}.Debug|Any CPU.ActiveCfg = Debug|Any CPU
		{BFF71DFB-6509-428C-A765-BABCDA2DDBA0}.Debug|Any CPU.Build.0 = Debug|Any CPU
		{BFF71DFB-6509-428C-A765-BABCDA2DDBA0}.Release|Any CPU.ActiveCfg = Release|Any CPU
		{BFF71DFB-6509-428C-A765-BABCDA2DDBA0}.Release|Any CPU.Build.0 = Release|Any CPU
	EndGlobalSection
	GlobalSection(SolutionProperties) = preSolution
		HideSolutionNode = FALSE
	EndGlobalSection
	GlobalSection(ExtensibilityGlobals) = postSolution
		SolutionGuid = {93FA2FE8-A639-4C6E-B20C-A66E4302F0D3}
	EndGlobalSection
EndGlobal
